
Microsoft Visual Studio Solution File, Format Version 12.00
# Visual Studio Version 17
VisualStudioVersion = 17.5.33414.496
MinimumVisualStudioVersion = 10.0.40219.1
Project("{9A19103F-16F7-4668-BE54-9A1E7A4F7556}") = "MyShop.Web", "MyShop.Web\MyShop.Web.csproj", "{CEA750BA-2DC4-439F-9954-FE85B8992ECF}"
EndProject
Global
	GlobalSection(SolutionConfigurationPlatforms) = preSolution
		Debug|Any CPU = Debug|Any CPU
		Release|Any CPU = Release|Any CPU
	EndGlobalSection
	GlobalSection(ProjectConfigurationPlatforms) = postSolution
		{CEA750BA-2DC4-439F-9954-FE85B8992ECF}.Debug|Any CPU.ActiveCfg = Debug|Any CPU
		{CEA750BA-2DC4-439F-9954-FE85B8992ECF}.Debug|Any CPU.Build.0 = Debug|Any CPU
		{CEA750BA-2DC4-439F-9954-FE85B8992ECF}.Release|Any CPU.ActiveCfg = Release|Any CPU
		{CEA750BA-2DC4-439F-9954-FE85B8992ECF}.Release|Any CPU.Build.0 = Release|Any CPU
	EndGlobalSection
	GlobalSection(SolutionProperties) = preSolution
		HideSolutionNode = FALSE
	EndGlobalSection
	GlobalSection(ExtensibilityGlobals) = postSolution
		SolutionGuid = {2CCC77C9-EAAB-4416-B9B3-7992955232DA}
	EndGlobalSection
EndGlobal
